
Microsoft Visual Studio Solution File, Format Version 12.00
# Visual Studio Version 17
VisualStudioVersion = 17.4.33122.133
MinimumVisualStudioVersion = 10.0.40219.1
Project("{FAE04EC0-301F-11D3-BF4B-00C04F79EFBC}") = "GitHub_Repo_Finder", "GitHub_Repo_Finder\GitHub_Repo_Finder.csproj", "{F6C5C155-8E48-4E9F-B281-76F2D8B98AE9}"
EndProject
Global
	GlobalSection(SolutionConfigurationPlatforms) = preSolution
		Debug|Any CPU = Debug|Any CPU
		Release|Any CPU = Release|Any CPU
	EndGlobalSection
	GlobalSection(ProjectConfigurationPlatforms) = postSolution
		{F6C5C155-8E48-4E9F-B281-76F2D8B98AE9}.Debug|Any CPU.ActiveCfg = Debug|Any CPU
		{F6C5C155-8E48-4E9F-B281-76F2D8B98AE9}.Debug|Any CPU.Build.0 = Debug|Any CPU
		{F6C5C155-8E48-4E9F-B281-76F2D8B98AE9}.Release|Any CPU.ActiveCfg = Release|Any CPU
		{F6C5C155-8E48-4E9F-B281-76F2D8B98AE9}.Release|Any CPU.Build.0 = Release|Any CPU
	EndGlobalSection
	GlobalSection(SolutionProperties) = preSolution
		HideSolutionNode = FALSE
	EndGlobalSection
	GlobalSection(ExtensibilityGlobals) = postSolution
		SolutionGuid = {10DD0184-2FCF-42BC-85ED-66D2A19B5DEA}
	EndGlobalSection
EndGlobal
